
Microsoft Visual Studio Solution File, Format Version 12.00
# Visual Studio Version 17
VisualStudioVersion = 17.6.33815.320
MinimumVisualStudioVersion = 10.0.40219.1
Project("{FAE04EC0-301F-11D3-BF4B-00C04F79EFBC}") = "test-vk-api", "test-vk-api.csproj", "{AD177735-FFD6-4264-A6F9-3417F9EE00FA}"
EndProject
Global
	GlobalSection(SolutionConfigurationPlatforms) = preSolution
		Debug|Any CPU = Debug|Any CPU
		Release|Any CPU = Release|Any CPU
	EndGlobalSection
	GlobalSection(ProjectConfigurationPlatforms) = postSolution
		{AD177735-FFD6-4264-A6F9-3417F9EE00FA}.Debug|Any CPU.ActiveCfg = Debug|Any CPU
		{AD177735-FFD6-4264-A6F9-3417F9EE00FA}.Debug|Any CPU.Build.0 = Debug|Any CPU
		{AD177735-FFD6-4264-A6F9-3417F9EE00FA}.Release|Any CPU.ActiveCfg = Release|Any CPU
		{AD177735-FFD6-4264-A6F9-3417F9EE00FA}.Release|Any CPU.Build.0 = Release|Any CPU
	EndGlobalSection
	GlobalSection(SolutionProperties) = preSolution
		HideSolutionNode = FALSE
	EndGlobalSection
	GlobalSection(ExtensibilityGlobals) = postSolution
		SolutionGuid = {92C3773F-1A4E-46A1-92E9-E718B5C2C516}
	EndGlobalSection
EndGlobal
